
Microsoft Visual Studio Solution File, Format Version 12.00
# Visual Studio 15
VisualStudioVersion = 15.0.27703.2035
MinimumVisualStudioVersion = 10.0.40219.1
Project("{FAE04EC0-301F-11D3-BF4B-00C04F79EFBC}") = "KrimTest2", "KrimTest2\KrimTest2.csproj", "{8F7DB9AE-5DC1-4B2E-A445-C59AEBEA5485}"
EndProject
Global
	GlobalSection(SolutionConfigurationPlatforms) = preSolution
		Debug|Any CPU = Debug|Any CPU
		Release|Any CPU = Release|Any CPU
	EndGlobalSection
	GlobalSection(ProjectConfigurationPlatforms) = postSolution
		{8F7DB9AE-5DC1-4B2E-A445-C59AEBEA5485}.Debug|Any CPU.ActiveCfg = Debug|Any CPU
		{8F7DB9AE-5DC1-4B2E-A445-C59AEBEA5485}.Debug|Any CPU.Build.0 = Debug|Any CPU
		{8F7DB9AE-5DC1-4B2E-A445-C59AEBEA5485}.Release|Any CPU.ActiveCfg = Release|Any CPU
		{8F7DB9AE-5DC1-4B2E-A445-C59AEBEA5485}.Release|Any CPU.Build.0 = Release|Any CPU
	EndGlobalSection
	GlobalSection(SolutionProperties) = preSolution
		HideSolutionNode = FALSE
	EndGlobalSection
	GlobalSection(ExtensibilityGlobals) = postSolution
		SolutionGuid = {C63D29C3-2CD1-4264-A603-B4EDF4E717E2}
	EndGlobalSection
EndGlobal
